Microsoft Visual Studio Solution File, Format Version 12.00
# Visual Studio Version 17
VisualStudioVersion = 17.5.2.0
MinimumVisualStudioVersion = 10.0.40219.1
Project("{FAE04EC0-301F-11D3-BF4B-00C04F79EFBC}") = "ColorProgressApp", "ColorProgressApp.csproj", "{1B0A9186-00DE-C077-3E5D-BAA50E57011C}"
EndProject
Global
	GlobalSection(SolutionConfigurationPlatforms) = preSolution
		Debug|Any CPU = Debug|Any CPU
		Release|Any CPU = Release|Any CPU
	EndGlobalSection
	GlobalSection(ProjectConfigurationPlatforms) = postSolution
		{1B0A9186-00DE-C077-3E5D-BAA50E57011C}.Debug|Any CPU.ActiveCfg = Debug|Any CPU
		{1B0A9186-00DE-C077-3E5D-BAA50E57011C}.Debug|Any CPU.Build.0 = Debug|Any CPU
		{1B0A9186-00DE-C077-3E5D-BAA50E57011C}.Release|Any CPU.ActiveCfg = Release|Any CPU
		{1B0A9186-00DE-C077-3E5D-BAA50E57011C}.Release|Any CPU.Build.0 = Release|Any CPU
	EndGlobalSection
	GlobalSection(SolutionProperties) = preSolution
		HideSolutionNode = FALSE
	EndGlobalSection
	GlobalSection(ExtensibilityGlobals) = postSolution
		SolutionGuid = {51735D43-F2DE-4570-9886-B205E164877C}
	EndGlobalSection
EndGlobal
